<?xml version="1.0" encoding="utf-8"?>
<Project ToolsVersion="4.0" xmlns="http://schemas.microsoft.com/developer/msbuild/2003">
  <ItemGroup>
    <Filter Include="Source Files">
      <UniqueIdentifier>{4FC737F1-C7A5-4376-A066-2A32D752A2FF}</UniqueIdentifier>
      <Extensions>cpp;c;cc;cxx;def;odl;idl;hpj;bat;asm;asmx</Extensions>
    </Filter>
    <Filter Include="Header Files">
      <UniqueIdentifier>{93995380-89BD-4b04-88EB-625FBE52EBFB}</UniqueIdentifier>
      <Extensions>h;hh;hpp;hxx;hm;inl;inc;xsd</Extensions>
    </Filter>
    <Filter Include="Resource Files">
      <UniqueIdentifier>{67DA6AB6-F800-4c08-8B7A-83BB121AAD01}</UniqueIdentifier>
      <Extensions>rc;ico;cur;bmp;dlg;rc2;rct;bin;rgs;gif;jpg;jpeg;jpe;resx;tiff;tif;png;wav;mfcribbon-ms</Extensions>
    </Filter>
    <Filter Include="Header Files\Geometry">
      <UniqueIdentifier>{305447ac-2d11-43f9-b296-b08067637381}</UniqueIdentifier>
    </Filter>
    <Filter Include="Source Files\Geometry">
      <UniqueIdentifier>{b4d0069c-d4bb-4991-bf58-f59ed8494c6b}</UniqueIdentifier>
    </Filter>
    <Filter Include="Header Files\json">
      <UniqueIdentifier>{d47824f2-53d6-4f95-85cb-1109f983c037}</UniqueIdentifier>
    </Filter>
  </ItemGroup>
  <ItemGroup>
    <ClCompile Include="CtrlMessage.cpp">
      <Filter>Source Files</Filter>
    </ClCompile>
    <ClCompile Include="PackedMessage.cpp">
      <Filter>Source Files</Filter>
    </ClCompile>
    <ClCompile Include="PathMessage.cpp">
      <Filter>Source Files</Filter>
    </ClCompile>
    <ClCompile Include="Pos2dMessage.cpp">
      <Filter>Source Files</Filter>
    </ClCompile>
    <ClCompile Include="CarLikeRobot.cpp">
      <Filter>Source Files</Filter>
    </ClCompile>
    <ClCompile Include="Geometry\Angle.cpp">
      <Filter>Source Files\Geometry</Filter>
    </ClCompile>
    <ClCompile Include="Geometry\Config.cpp">
      <Filter>Source Files\Geometry</Filter>
    </ClCompile>
    <ClCompile Include="Geometry\Line.cpp">
      <Filter>Source Files\Geometry</Filter>
    </ClCompile>
    <ClCompile Include="Geometry\Polygon.cpp">
      <Filter>Source Files\Geometry</Filter>
    </ClCompile>
    <ClCompile Include="Geometry\Triangle.cpp">
      <Filter>Source Files\Geometry</Filter>
    </ClCompile>
    <ClCompile Include="misc.cpp">
      <Filter>Source Files</Filter>
    </ClCompile>
    <ClCompile Include="lib_json\json_reader.cpp">
      <Filter>Header Files\json</Filter>
    </ClCompile>
    <ClCompile Include="lib_json\json_value.cpp">
      <Filter>Header Files\json</Filter>
    </ClCompile>
    <ClCompile Include="lib_json\json_writer.cpp">
      <Filter>Header Files\json</Filter>
    </ClCompile>
    <ClCompile Include="PathSegment.cpp">
      <Filter>Source Files</Filter>
    </ClCompile>
  </ItemGroup>
  <ItemGroup>
    <ClInclude Include="CtrlMessage.h">
      <Filter>Header Files</Filter>
    </ClInclude>
    <ClInclude Include="PackedMessage.h">
      <Filter>Header Files</Filter>
    </ClInclude>
    <ClInclude Include="PathMessage.h">
      <Filter>Header Files</Filter>
    </ClInclude>
    <ClInclude Include="Pos2dMessage.h">
      <Filter>Header Files</Filter>
    </ClInclude>
    <ClInclude Include="CarLikeRobot.h">
      <Filter>Header Files</Filter>
    </ClInclude>
    <ClInclude Include="Geometry\Angle.h">
      <Filter>Header Files\Geometry</Filter>
    </ClInclude>
    <ClInclude Include="Geometry\Config.h">
      <Filter>Header Files\Geometry</Filter>
    </ClInclude>
    <ClInclude Include="Geometry\Common.h">
      <Filter>Header Files\Geometry</Filter>
    </ClInclude>
    <ClInclude Include="Geometry\Line.h">
      <Filter>Header Files\Geometry</Filter>
    </ClInclude>
    <ClInclude Include="Geometry\Point.h">
      <Filter>Header Files\Geometry</Filter>
    </ClInclude>
    <ClInclude Include="Geometry\Polygon.h">
      <Filter>Header Files\Geometry</Filter>
    </ClInclude>
    <ClInclude Include="Geometry\Triangle.h">
      <Filter>Header Files\Geometry</Filter>
    </ClInclude>
    <ClInclude Include="PathSegment.h">
      <Filter>Header Files</Filter>
    </ClInclude>
    <ClInclude Include="Position.h">
      <Filter>Header Files</Filter>
    </ClInclude>
    <ClInclude Include="misc.h">
      <Filter>Header Files</Filter>
    </ClInclude>
    <ClInclude Include="json\assertions.h">
      <Filter>Header Files\json</Filter>
    </ClInclude>
    <ClInclude Include="json\autolink.h">
      <Filter>Header Files\json</Filter>
    </ClInclude>
    <ClInclude Include="json\config.h">
      <Filter>Header Files\json</Filter>
    </ClInclude>
    <ClInclude Include="json\features.h">
      <Filter>Header Files\json</Filter>
    </ClInclude>
    <ClInclude Include="json\forwards.h">
      <Filter>Header Files\json</Filter>
    </ClInclude>
    <ClInclude Include="json\json.h">
      <Filter>Header Files\json</Filter>
    </ClInclude>
    <ClInclude Include="json\reader.h">
      <Filter>Header Files\json</Filter>
    </ClInclude>
    <ClInclude Include="json\value.h">
      <Filter>Header Files\json</Filter>
    </ClInclude>
    <ClInclude Include="json\version.h">
      <Filter>Header Files\json</Filter>
    </ClInclude>
    <ClInclude Include="json\writer.h">
      <Filter>Header Files\json</Filter>
    </ClInclude>
    <ClInclude Include="lib_json\json_batchallocator.h">
      <Filter>Header Files\json</Filter>
    </ClInclude>
    <ClInclude Include="lib_json\json_tool.h">
      <Filter>Header Files\json</Filter>
    </ClInclude>
    <ClInclude Include="App.h">
      <Filter>Header Files</Filter>
    </ClInclude>
  </ItemGroup>
</Project>