<?xml version="1.0" encoding="utf-8"?>
<Project ToolsVersion="4.0" xmlns="http://schemas.microsoft.com/developer/msbuild/2003">
  <ItemGroup>
    <Filter Include="Source Files">
      <UniqueIdentifier>{4FC737F1-C7A5-4376-A066-2A32D752A2FF}</UniqueIdentifier>
      <Extensions>cpp;c;cc;cxx;def;odl;idl;hpj;bat;asm;asmx</Extensions>
    </Filter>
    <Filter Include="Header Files">
      <UniqueIdentifier>{93995380-89BD-4b04-88EB-625FBE52EBFB}</UniqueIdentifier>
      <Extensions>h;hpp;hxx;hm;inl;inc;xsd</Extensions>
    </Filter>
    <Filter Include="Resource Files">
      <UniqueIdentifier>{67DA6AB6-F800-4c08-8B7A-83BB121AAD01}</UniqueIdentifier>
      <Extensions>rc;ico;cur;bmp;dlg;rc2;rct;bin;rgs;gif;jpg;jpeg;jpe;resx;tiff;tif;png;wav;mfcribbon-ms</Extensions>
    </Filter>
    <Filter Include="PathPlanner">
      <UniqueIdentifier>{bebd5074-2357-4cab-b53d-bf664a93d25b}</UniqueIdentifier>
    </Filter>
    <Filter Include="PathProfile">
      <UniqueIdentifier>{599c8831-1e87-4a8f-8aae-e2ca022952ac}</UniqueIdentifier>
    </Filter>
    <Filter Include="PathFollow">
      <UniqueIdentifier>{8be9ad13-059d-476a-a73a-bbd3c1f71ecc}</UniqueIdentifier>
    </Filter>
    <Filter Include="CCS">
      <UniqueIdentifier>{8e821a86-3961-41c0-9a6a-41408d6c8105}</UniqueIdentifier>
    </Filter>
    <Filter Include="CCS\geometry">
      <UniqueIdentifier>{caf5773f-a1ef-4077-aa52-36fe8a379efa}</UniqueIdentifier>
    </Filter>
    <Filter Include="CCS\planner">
      <UniqueIdentifier>{64d15057-efc9-4003-b821-8497870d91f1}</UniqueIdentifier>
    </Filter>
  </ItemGroup>
  <ItemGroup>
    <ClCompile Include="main.cpp">
      <Filter>Source Files</Filter>
    </ClCompile>
    <ClCompile Include="..\..\..\Libs\TinyObjLoader\tiny_obj_loader.cc">
      <Filter>Source Files</Filter>
    </ClCompile>
    <ClCompile Include="..\CtrlMessage.cpp">
      <Filter>Source Files</Filter>
    </ClCompile>
    <ClCompile Include="..\PackedMessage.cpp">
      <Filter>Source Files</Filter>
    </ClCompile>
    <ClCompile Include="PathPlanner\Angle.cpp">
      <Filter>PathPlanner</Filter>
    </ClCompile>
    <ClCompile Include="PathPlanner\Config.cpp">
      <Filter>PathPlanner</Filter>
    </ClCompile>
    <ClCompile Include="PathPlanner\ConfigInterval.cpp">
      <Filter>PathPlanner</Filter>
    </ClCompile>
    <ClCompile Include="PathPlanner\Line.cpp">
      <Filter>PathPlanner</Filter>
    </ClCompile>
    <ClCompile Include="PathPlanner\path_planner_funcs.cpp">
      <Filter>PathPlanner</Filter>
    </ClCompile>
    <ClCompile Include="PathPlanner\Polygon.cpp">
      <Filter>PathPlanner</Filter>
    </ClCompile>
    <ClCompile Include="PathPlanner\PrePlanner.cpp">
      <Filter>PathPlanner</Filter>
    </ClCompile>
    <ClCompile Include="PathPlanner\RTRPlanner.cpp">
      <Filter>PathPlanner</Filter>
    </ClCompile>
    <ClCompile Include="PathPlanner\Scene.cpp">
      <Filter>PathPlanner</Filter>
    </ClCompile>
    <ClCompile Include="PathPlanner\Tree.cpp">
      <Filter>PathPlanner</Filter>
    </ClCompile>
    <ClCompile Include="PathPlanner\Triangle.cpp">
      <Filter>PathPlanner</Filter>
    </ClCompile>
    <ClCompile Include="PathProfile\path_profile.cpp">
      <Filter>PathProfile</Filter>
    </ClCompile>
    <ClCompile Include="PathProfile\path_profile_funcs.cpp">
      <Filter>PathProfile</Filter>
    </ClCompile>
    <ClCompile Include="PathProfile\path_profile_top.cpp">
      <Filter>PathProfile</Filter>
    </ClCompile>
    <ClCompile Include="PathFollow\dcwheel_pathCtrl.c">
      <Filter>PathFollow</Filter>
    </ClCompile>
    <ClCompile Include="..\PathMessage.cpp">
      <Filter>Source Files</Filter>
    </ClCompile>
    <ClCompile Include="..\Pos2dMessage.cpp">
      <Filter>Source Files</Filter>
    </ClCompile>
    <ClCompile Include="CCS\geometry\Arc.cpp">
      <Filter>CCS\geometry</Filter>
    </ClCompile>
    <ClCompile Include="CCS\geometry\Circle.cpp">
      <Filter>CCS\geometry</Filter>
    </ClCompile>
    <ClCompile Include="CCS\geometry\Configuration.cpp">
      <Filter>CCS\geometry</Filter>
    </ClCompile>
    <ClCompile Include="CCS\geometry\Line.cpp">
      <Filter>CCS\geometry</Filter>
    </ClCompile>
    <ClCompile Include="CCS\geometry\Path.cpp">
      <Filter>CCS\geometry</Filter>
    </ClCompile>
    <ClCompile Include="CCS\geometry\Point.cpp">
      <Filter>CCS\geometry</Filter>
    </ClCompile>
    <ClCompile Include="CCS\geometry\Rectangle.cpp">
      <Filter>CCS\geometry</Filter>
    </ClCompile>
    <ClCompile Include="CCS\geometry\Segment.cpp">
      <Filter>CCS\geometry</Filter>
    </ClCompile>
    <ClCompile Include="CCS\geometry\Shape.cpp">
      <Filter>CCS\geometry</Filter>
    </ClCompile>
    <ClCompile Include="CCS\geometry\Triangle.cpp">
      <Filter>CCS\geometry</Filter>
    </ClCompile>
    <ClCompile Include="CCS\geometry\Vector.cpp">
      <Filter>CCS\geometry</Filter>
    </ClCompile>
    <ClCompile Include="CCS\planner\AlternativePlanner.cpp">
      <Filter>CCS\planner</Filter>
    </ClCompile>
    <ClCompile Include="CCS\planner\ARMBuilder.cpp">
      <Filter>CCS\planner</Filter>
    </ClCompile>
    <ClCompile Include="CCS\planner\CCS.cpp">
      <Filter>CCS\planner</Filter>
    </ClCompile>
    <ClCompile Include="CCS\planner\Environment.cpp">
      <Filter>CCS\planner</Filter>
    </ClCompile>
    <ClCompile Include="CCS\planner\LocalPlanner.cpp">
      <Filter>CCS\planner</Filter>
    </ClCompile>
    <ClCompile Include="CCS\planner\misc.cpp">
      <Filter>CCS\planner</Filter>
    </ClCompile>
    <ClCompile Include="CCS\planner\OccupancyGrid.cpp">
      <Filter>CCS\planner</Filter>
    </ClCompile>
    <ClCompile Include="CCS\planner\Planner.cpp">
      <Filter>CCS\planner</Filter>
    </ClCompile>
    <ClCompile Include="CCS\planner\Preplanner.cpp">
      <Filter>CCS\planner</Filter>
    </ClCompile>
    <ClCompile Include="CCS\planner\Robot.cpp">
      <Filter>CCS\planner</Filter>
    </ClCompile>
    <ClCompile Include="CCS\planner\Scene.cpp">
      <Filter>CCS\planner</Filter>
    </ClCompile>
  </ItemGroup>
  <ItemGroup>
    <ClInclude Include="..\CtrlMessage.h">
      <Filter>Header Files</Filter>
    </ClInclude>
    <ClInclude Include="..\PackedMessage.h">
      <Filter>Header Files</Filter>
    </ClInclude>
    <ClInclude Include="PathPlanner\Angle.h">
      <Filter>PathPlanner</Filter>
    </ClInclude>
    <ClInclude Include="PathPlanner\Config.h">
      <Filter>PathPlanner</Filter>
    </ClInclude>
    <ClInclude Include="PathPlanner\ConfigInterval.h">
      <Filter>PathPlanner</Filter>
    </ClInclude>
    <ClInclude Include="PathPlanner\Line.h">
      <Filter>PathPlanner</Filter>
    </ClInclude>
    <ClInclude Include="PathPlanner\path_planner_funcs.h">
      <Filter>PathPlanner</Filter>
    </ClInclude>
    <ClInclude Include="PathPlanner\Point.h">
      <Filter>PathPlanner</Filter>
    </ClInclude>
    <ClInclude Include="PathPlanner\Polygon.h">
      <Filter>PathPlanner</Filter>
    </ClInclude>
    <ClInclude Include="PathPlanner\Scene.h">
      <Filter>PathPlanner</Filter>
    </ClInclude>
    <ClInclude Include="PathPlanner\Tree.h">
      <Filter>PathPlanner</Filter>
    </ClInclude>
    <ClInclude Include="PathPlanner\Triangle.h">
      <Filter>PathPlanner</Filter>
    </ClInclude>
    <ClInclude Include="PathProfile\path_profile.h">
      <Filter>PathProfile</Filter>
    </ClInclude>
    <ClInclude Include="PathProfile\path_profile_funcs.h">
      <Filter>PathProfile</Filter>
    </ClInclude>
    <ClInclude Include="PathProfile\path_profile_top.h">
      <Filter>PathProfile</Filter>
    </ClInclude>
    <ClInclude Include="PathFollow\dcwheel_pathCtrl.h">
      <Filter>PathFollow</Filter>
    </ClInclude>
    <ClInclude Include="..\PathMessage.h">
      <Filter>Source Files</Filter>
    </ClInclude>
    <ClInclude Include="..\Pos2dMessage.h">
      <Filter>Source Files</Filter>
    </ClInclude>
    <ClInclude Include="CCS\geometry\Arc.h">
      <Filter>CCS\geometry</Filter>
    </ClInclude>
    <ClInclude Include="CCS\geometry\Circle.h">
      <Filter>CCS\geometry</Filter>
    </ClInclude>
    <ClInclude Include="CCS\geometry\Configuration.h">
      <Filter>CCS\geometry</Filter>
    </ClInclude>
    <ClInclude Include="CCS\geometry\Line.h">
      <Filter>CCS\geometry</Filter>
    </ClInclude>
    <ClInclude Include="CCS\geometry\Path.h">
      <Filter>CCS\geometry</Filter>
    </ClInclude>
    <ClInclude Include="CCS\geometry\Point.h">
      <Filter>CCS\geometry</Filter>
    </ClInclude>
    <ClInclude Include="CCS\geometry\Rectangle.h">
      <Filter>CCS\geometry</Filter>
    </ClInclude>
    <ClInclude Include="CCS\geometry\Segment.h">
      <Filter>CCS\geometry</Filter>
    </ClInclude>
    <ClInclude Include="CCS\geometry\Shape.h">
      <Filter>CCS\geometry</Filter>
    </ClInclude>
    <ClInclude Include="CCS\geometry\Triangle.h">
      <Filter>CCS\geometry</Filter>
    </ClInclude>
    <ClInclude Include="CCS\geometry\Vector.h">
      <Filter>CCS\geometry</Filter>
    </ClInclude>
    <ClInclude Include="CCS\planner\AlternativePlanner.h">
      <Filter>CCS\planner</Filter>
    </ClInclude>
    <ClInclude Include="CCS\planner\ARMBuilder.h">
      <Filter>CCS\planner</Filter>
    </ClInclude>
    <ClInclude Include="CCS\planner\CCS.h">
      <Filter>CCS\planner</Filter>
    </ClInclude>
    <ClInclude Include="CCS\planner\Environment.h">
      <Filter>CCS\planner</Filter>
    </ClInclude>
    <ClInclude Include="CCS\planner\LocalPlanner.h">
      <Filter>CCS\planner</Filter>
    </ClInclude>
    <ClInclude Include="CCS\planner\misc.h">
      <Filter>CCS\planner</Filter>
    </ClInclude>
    <ClInclude Include="CCS\planner\OccupancyGrid.h">
      <Filter>CCS\planner</Filter>
    </ClInclude>
    <ClInclude Include="CCS\planner\Planner.h">
      <Filter>CCS\planner</Filter>
    </ClInclude>
    <ClInclude Include="CCS\planner\Preplanner.h">
      <Filter>CCS\planner</Filter>
    </ClInclude>
    <ClInclude Include="CCS\planner\Robot.h">
      <Filter>CCS\planner</Filter>
    </ClInclude>
    <ClInclude Include="CCS\planner\Scene.h">
      <Filter>CCS\planner</Filter>
    </ClInclude>
    <ClInclude Include="PathSegment.h">
      <Filter>Source Files</Filter>
    </ClInclude>
  </ItemGroup>
</Project>