<?xml version="1.0" encoding="utf-8"?>
<Project ToolsVersion="4.0" xmlns="http://schemas.microsoft.com/developer/msbuild/2003">
  <ItemGroup>
    <Filter Include="Source Files">
      <UniqueIdentifier>{4FC737F1-C7A5-4376-A066-2A32D752A2FF}</UniqueIdentifier>
      <Extensions>cpp;c;cc;cxx;def;odl;idl;hpj;bat;asm;asmx</Extensions>
    </Filter>
    <Filter Include="Header Files">
      <UniqueIdentifier>{93995380-89BD-4b04-88EB-625FBE52EBFB}</UniqueIdentifier>
      <Extensions>h;hpp;hxx;hm;inl;inc;xsd</Extensions>
    </Filter>
    <Filter Include="Resource Files">
      <UniqueIdentifier>{67DA6AB6-F800-4c08-8B7A-83BB121AAD01}</UniqueIdentifier>
      <Extensions>rc;ico;cur;bmp;dlg;rc2;rct;bin;rgs;gif;jpg;jpeg;jpe;resx;tiff;tif;png;wav;mfcribbon-ms</Extensions>
    </Filter>
    <Filter Include="PathProfile">
      <UniqueIdentifier>{07a364a6-9dd1-44b5-bd64-d4f7a561c1a6}</UniqueIdentifier>
    </Filter>
    <Filter Include="PathFollow">
      <UniqueIdentifier>{851cd02f-5e4d-443a-9a7d-53ef603d1580}</UniqueIdentifier>
    </Filter>
    <Filter Include="Geometry">
      <UniqueIdentifier>{60cba0d3-6bd8-43eb-b7a3-292e56caa73b}</UniqueIdentifier>
    </Filter>
  </ItemGroup>
  <ItemGroup>
    <ClCompile Include="main.cpp">
      <Filter>Source Files</Filter>
    </ClCompile>
    <ClCompile Include="..\CtrlMessage.cpp">
      <Filter>Source Files</Filter>
    </ClCompile>
    <ClCompile Include="..\PackedMessage.cpp">
      <Filter>Source Files</Filter>
    </ClCompile>
    <ClCompile Include="..\Pos2dMessage.cpp">
      <Filter>Source Files</Filter>
    </ClCompile>
    <ClCompile Include="..\PathMessage.cpp">
      <Filter>Source Files</Filter>
    </ClCompile>
    <ClCompile Include="..\PathPlannerApp\PathFollow\dcwheel_pathCtrl.c">
      <Filter>PathFollow</Filter>
    </ClCompile>
    <ClCompile Include="..\PathPlannerApp\PathProfile\path_profile.cpp">
      <Filter>PathProfile</Filter>
    </ClCompile>
    <ClCompile Include="..\PathPlannerApp\PathProfile\path_profile_funcs.cpp">
      <Filter>PathProfile</Filter>
    </ClCompile>
    <ClCompile Include="..\PathPlannerApp\PathProfile\path_profile_top.cpp">
      <Filter>PathProfile</Filter>
    </ClCompile>
    <ClCompile Include="..\PathPlannerApp\Geometry\Angle.cpp">
      <Filter>Geometry</Filter>
    </ClCompile>
    <ClCompile Include="..\PathPlannerApp\Geometry\Config.cpp">
      <Filter>Geometry</Filter>
    </ClCompile>
    <ClCompile Include="..\PathPlannerApp\Geometry\Line.cpp">
      <Filter>Geometry</Filter>
    </ClCompile>
    <ClCompile Include="..\PathPlannerApp\Geometry\Polygon.cpp">
      <Filter>Geometry</Filter>
    </ClCompile>
    <ClCompile Include="..\PathPlannerApp\Geometry\Triangle.cpp">
      <Filter>Geometry</Filter>
    </ClCompile>
  </ItemGroup>
  <ItemGroup>
    <ClInclude Include="..\PathMessage.h">
      <Filter>Header Files</Filter>
    </ClInclude>
    <ClInclude Include="..\Position.h">
      <Filter>Header Files</Filter>
    </ClInclude>
    <ClInclude Include="..\Pos2dMessage.h">
      <Filter>Header Files</Filter>
    </ClInclude>
    <ClInclude Include="..\PackedMessage.h">
      <Filter>Header Files</Filter>
    </ClInclude>
    <ClInclude Include="..\PathPlannerApp\PathFollow\dcwheel_pathCtrl.h">
      <Filter>PathFollow</Filter>
    </ClInclude>
    <ClInclude Include="..\PathPlannerApp\PathProfile\path_profile.h">
      <Filter>PathProfile</Filter>
    </ClInclude>
    <ClInclude Include="..\PathPlannerApp\PathProfile\path_profile_funcs.h">
      <Filter>PathProfile</Filter>
    </ClInclude>
    <ClInclude Include="..\PathPlannerApp\PathProfile\path_profile_top.h">
      <Filter>PathProfile</Filter>
    </ClInclude>
    <ClInclude Include="..\PathPlannerApp\Geometry\Angle.h">
      <Filter>Geometry</Filter>
    </ClInclude>
    <ClInclude Include="..\PathPlannerApp\Geometry\Common.h">
      <Filter>Geometry</Filter>
    </ClInclude>
    <ClInclude Include="..\PathPlannerApp\Geometry\Config.h">
      <Filter>Geometry</Filter>
    </ClInclude>
    <ClInclude Include="..\PathPlannerApp\Geometry\Line.h">
      <Filter>Geometry</Filter>
    </ClInclude>
    <ClInclude Include="..\PathPlannerApp\Geometry\Point.h">
      <Filter>Geometry</Filter>
    </ClInclude>
    <ClInclude Include="..\PathPlannerApp\Geometry\Polygon.h">
      <Filter>Geometry</Filter>
    </ClInclude>
    <ClInclude Include="..\PathPlannerApp\Geometry\Triangle.h">
      <Filter>Geometry</Filter>
    </ClInclude>
  </ItemGroup>
</Project>