<?xml version="1.0" encoding="utf-8"?>
<Project ToolsVersion="4.0" xmlns="http://schemas.microsoft.com/developer/msbuild/2003">
  <ItemGroup>
    <Filter Include="Source Files">
      <UniqueIdentifier>{4FC737F1-C7A5-4376-A066-2A32D752A2FF}</UniqueIdentifier>
      <Extensions>cpp;c;cc;cxx;def;odl;idl;hpj;bat;asm;asmx</Extensions>
    </Filter>
    <Filter Include="Header Files">
      <UniqueIdentifier>{93995380-89BD-4b04-88EB-625FBE52EBFB}</UniqueIdentifier>
      <Extensions>h;hpp;hxx;hm;inl;inc;xsd</Extensions>
    </Filter>
    <Filter Include="Resource Files">
      <UniqueIdentifier>{67DA6AB6-F800-4c08-8B7A-83BB121AAD01}</UniqueIdentifier>
      <Extensions>rc;ico;cur;bmp;dlg;rc2;rct;bin;rgs;gif;jpg;jpeg;jpe;resx;tiff;tif;png;wav;mfcribbon-ms</Extensions>
    </Filter>
    <Filter Include="PathFollower">
      <UniqueIdentifier>{9a3fbed7-2cb3-42af-8979-4b2ad3ba7259}</UniqueIdentifier>
    </Filter>
    <Filter Include="PathProfiler">
      <UniqueIdentifier>{0aea755b-0a70-4a2a-b463-890408554f91}</UniqueIdentifier>
    </Filter>
  </ItemGroup>
  <ItemGroup>
    <ClCompile Include="main.cpp">
      <Filter>Source Files</Filter>
    </ClCompile>
    <ClCompile Include="..\PathPlannerApp\PathFollow\CarLineFollower.cpp">
      <Filter>PathFollower</Filter>
    </ClCompile>
    <ClCompile Include="..\PathPlannerApp\PathFollow\CarPathController.cpp">
      <Filter>PathFollower</Filter>
    </ClCompile>
    <ClCompile Include="..\PathPlannerApp\PathFollow\CarSpeedController.cpp">
      <Filter>PathFollower</Filter>
    </ClCompile>
    <ClCompile Include="..\PathPlannerApp\PathFollow\dcwheel_pathCtrl.c">
      <Filter>PathFollower</Filter>
    </ClCompile>
    <ClCompile Include="..\PathPlannerApp\PathFollow\PathShifter.cpp">
      <Filter>PathFollower</Filter>
    </ClCompile>
    <ClCompile Include="..\PathPlannerApp\PathProfile\path_profile.cpp">
      <Filter>PathProfiler</Filter>
    </ClCompile>
    <ClCompile Include="..\PathPlannerApp\PathProfile\path_profile_funcs.cpp">
      <Filter>PathProfiler</Filter>
    </ClCompile>
    <ClCompile Include="..\PathPlannerApp\PathProfile\path_profile_top.cpp">
      <Filter>PathProfiler</Filter>
    </ClCompile>
  </ItemGroup>
  <ItemGroup>
    <ClInclude Include="..\PathPlannerApp\PathFollow\PathShifter.h">
      <Filter>PathFollower</Filter>
    </ClInclude>
    <ClInclude Include="..\PathPlannerApp\PathFollow\CarLineFollower.h">
      <Filter>PathFollower</Filter>
    </ClInclude>
    <ClInclude Include="..\PathPlannerApp\PathFollow\CarPathController.h">
      <Filter>PathFollower</Filter>
    </ClInclude>
    <ClInclude Include="..\PathPlannerApp\PathFollow\CarSpeedController.h">
      <Filter>PathFollower</Filter>
    </ClInclude>
    <ClInclude Include="..\PathPlannerApp\PathFollow\dcwheel_pathCtrl.h">
      <Filter>PathFollower</Filter>
    </ClInclude>
    <ClInclude Include="..\PathPlannerApp\PathProfile\path_profile.h">
      <Filter>PathProfiler</Filter>
    </ClInclude>
    <ClInclude Include="..\PathPlannerApp\PathProfile\path_profile_funcs.h">
      <Filter>PathProfiler</Filter>
    </ClInclude>
    <ClInclude Include="..\PathPlannerApp\PathProfile\path_profile_top.h">
      <Filter>PathProfiler</Filter>
    </ClInclude>
  </ItemGroup>
</Project>